
Microsoft Visual Studio Solution File, Format Version 12.00
# Visual Studio Version 17
VisualStudioVersion = 17.2.32516.85
MinimumVisualStudioVersion = 10.0.40219.1
Project("{FAE04EC0-301F-11D3-BF4B-00C04F79EFBC}") = "RegionSyd.Web.Services", "RegionSyd.Web.Services\RegionSyd.Web.Services.csproj", "{8F906AF6-44A2-41F2-9BFF-A571222C784D}"
EndProject
Project("{FAE04EC0-301F-11D3-BF4B-00C04F79EFBC}") = "RegionSyd.Web", "RegionSyd.Web\RegionSyd.Web.csproj", "{78341B86-E329-4623-ACB5-812B0050A51F}"
EndProject
Global
	GlobalSection(SolutionConfigurationPlatforms) = preSolution
		Debug|Any CPU = Debug|Any CPU
		Release|Any CPU = Release|Any CPU
	EndGlobalSection
	GlobalSection(ProjectConfigurationPlatforms) = postSolution
		{8F906AF6-44A2-41F2-9BFF-A571222C784D}.Debug|Any CPU.ActiveCfg = Debug|Any CPU
		{8F906AF6-44A2-41F2-9BFF-A571222C784D}.Debug|Any CPU.Build.0 = Debug|Any CPU
		{8F906AF6-44A2-41F2-9BFF-A571222C784D}.Release|Any CPU.ActiveCfg = Release|Any CPU
		{8F906AF6-44A2-41F2-9BFF-A571222C784D}.Release|Any CPU.Build.0 = Release|Any CPU
		{78341B86-E329-4623-ACB5-812B0050A51F}.Debug|Any CPU.ActiveCfg = Debug|Any CPU
		{78341B86-E329-4623-ACB5-812B0050A51F}.Debug|Any CPU.Build.0 = Debug|Any CPU
		{78341B86-E329-4623-ACB5-812B0050A51F}.Release|Any CPU.ActiveCfg = Release|Any CPU
		{78341B86-E329-4623-ACB5-812B0050A51F}.Release|Any CPU.Build.0 = Release|Any CPU
	EndGlobalSection
	GlobalSection(SolutionProperties) = preSolution
		HideSolutionNode = FALSE
	EndGlobalSection
	GlobalSection(ExtensibilityGlobals) = postSolution
		SolutionGuid = {0414E7B1-BE55-4AC7-AFD6-0C1B040F85CC}
	EndGlobalSection
EndGlobal
